# Auto-generated by dotagents. Do not edit.
version = 1

[skills.agents-md]
source = "getsentry/skills"
resolved_url = "https://github.com/getsentry/skills.git"
resolved_path = ".agents/skills/agents-md"
commit = "187c0022b3b676f72227a04f1cfc8921a58a5020"
integrity = "sha256-yYv5Hh88sCIYDc4IXIweB7rD8j1yHs+lZK0uib6s7xY="

[skills.brand-guidelines]
source = "getsentry/skills"
resolved_url = "https://github.com/getsentry/skills.git"
resolved_path = ".agents/skills/brand-guidelines"
commit = "187c0022b3b676f72227a04f1cfc8921a58a5020"
integrity = "sha256-OI4bxji4am79cV/3TNDVUfsnt6L2HBysG7epE4HFkVI="

[skills.claude-settings-audit]
source = "getsentry/skills"
resolved_url = "https://github.com/getsentry/skills.git"
resolved_path = ".agents/skills/claude-settings-audit"
commit = "187c0022b3b676f72227a04f1cfc8921a58a5020"
integrity = "sha256-KoWbFvgMmS7MP0v0fmzC3wBLawfY+9U+mmNEbjVVVPk="

[skills.code-simplifier]
source = "getsentry/skills"
resolved_url = "https://github.com/getsentry/skills.git"
resolved_path = ".agents/skills/code-simplifier"
commit = "187c0022b3b676f72227a04f1cfc8921a58a5020"
integrity = "sha256-PplG7pAg8buUE1Zj1xCFf4UwpUialPxWUD7qPtiZdKo="

[skills.commit]
source = "getsentry/skills"
resolved_url = "https://github.com/getsentry/skills.git"
resolved_path = ".agents/skills/commit"
commit = "187c0022b3b676f72227a04f1cfc8921a58a5020"
integrity = "sha256-EFbC0wiqzaiVLzfKi6aNSJukKYl36mb4qHW0wYooWxU="

[skills.create-pr]
source = "getsentry/skills"
resolved_url = "https://github.com/getsentry/skills.git"
resolved_path = ".agents/skills/create-pr"
commit = "187c0022b3b676f72227a04f1cfc8921a58a5020"
integrity = "sha256-ChCXKfikzmN8vzMKcER/TWVECVjP+cCsGrDheo+WL7k="

[skills.iterate-pr]
source = "getsentry/skills"
resolved_url = "https://github.com/getsentry/skills.git"
resolved_path = ".agents/skills/iterate-pr"
commit = "187c0022b3b676f72227a04f1cfc8921a58a5020"
integrity = "sha256-55fOUUxjX6vntLGA11BPgVyKGtqFvb7lu9Q+hOUUBGo="

[skills.skill-creator]
source = "getsentry/skills"
resolved_url = "https://github.com/getsentry/skills.git"
resolved_path = ".agents/skills/skill-creator"
commit = "187c0022b3b676f72227a04f1cfc8921a58a5020"
integrity = "sha256-cwime8dg09zRSkfbnBU4ObFPofjGigXCmDNvpNL7NNY="

